// !$*UTF8*$!
{
	archiveVersion = 1;
	classes = {
	};
	objectVersion = 77;
	objects = {

/* Begin PBXBuildFile section */
		E6996A7E2F5E0CE0004A412C /* SearchResult.swift in Sources */ = {isa = PBXBuildFile; fileRef = E6996A7D2F5E0CE0004A412C /* SearchResult.swift */; };
		E6996A7F2F5E0CE8004A412C /* SearchApiConstants.swift in Sources */ = {isa = PBXBuildFile; fileRef = E6996A792F5E0C10004A412C /* SearchApiConstants.swift */; };
		E6996A812F5E0D59004A412C /* SearchResultResponse.swift in Sources */ = {isa = PBXBuildFile; fileRef = E6996A802F5E0D59004A412C /* SearchResultResponse.swift */; };
		E6996A842F5E0D8D004A412C /* SearchRequestDto.swift in Sources */ = {isa = PBXBuildFile; fileRef = E6996A832F5E0D8D004A412C /* SearchRequestDto.swift */; };
		E6996A872F5E0E43004A412C /* SearchApi.swift in Sources */ = {isa = PBXBuildFile; fileRef = E6996A862F5E0E43004A412C /* SearchApi.swift */; };
		E6996A892F5E0E81004A412C /* SearchApiImpl.swift in Sources */ = {isa = PBXBuildFile; fileRef = E6996A882F5E0E81004A412C /* SearchApiImpl.swift */; };
		E6996A8C2F5E0ECA004A412C /* SearchRepository.swift in Sources */ = {isa = PBXBuildFile; fileRef = E6996A8B2F5E0ECA004A412C /* SearchRepository.swift */; };
		E6996A8F2F5E113B004A412C /* SearchService.swift in Sources */ = {isa = PBXBuildFile; fileRef = E6996A8E2F5E113B004A412C /* SearchService.swift */; };
		E6996A942F5F85D5004A412C /* HomeViewModel.swift in Sources */ = {isa = PBXBuildFile; fileRef = E6996A932F5F85D5004A412C /* HomeViewModel.swift */; };
		E6996A962F5F8603004A412C /* SearchViewModel.swift in Sources */ = {isa = PBXBuildFile; fileRef = E6996A952F5F8603004A412C /* SearchViewModel.swift */; };
		E6996A9B2F653A83004A412C /* HomeScreen.swift in Sources */ = {isa = PBXBuildFile; fileRef = E6996A9A2F653A83004A412C /* HomeScreen.swift */; };
		E6996A9E2F653B44004A412C /* SearchScreen.swift in Sources */ = {isa = PBXBuildFile; fileRef = E6996A9D2F653B44004A412C /* SearchScreen.swift */; };
		E6996AA22F653BE1004A412C /* WebResultCardParams.swift in Sources */ = {isa = PBXBuildFile; fileRef = E6996AA12F653BE1004A412C /* WebResultCardParams.swift */; };
		E6996AA42F653C41004A412C /* WebResultCard.swift in Sources */ = {isa = PBXBuildFile; fileRef = E6996AA32F653C41004A412C /* WebResultCard.swift */; };
		E6996AA92F654652004A412C /* SemiOpaqueWindow.swift in Sources */ = {isa = PBXBuildFile; fileRef = E6996AA82F654628004A412C /* SemiOpaqueWindow.swift */; };
		E6996AAC2F654828004A412C /* JSONValue.swift in Sources */ = {isa = PBXBuildFile; fileRef = E6996AAB2F654828004A412C /* JSONValue.swift */; };
/* End PBXBuildFile section */

/* Begin PBXFileReference section */
		E6996A6A2F5E0829004A412C /* kcdsearch.app */ = {isa = PBXFileReference; explicitFileType = wrapper.application; includeInIndex = 0; path = kcdsearch.app; sourceTree = BUILT_PRODUCTS_DIR; };
		E6996A792F5E0C10004A412C /* SearchApiConstants.swift */ = {isa = PBXFileReference; lastKnownFileType = sourcecode.swift; path = SearchApiConstants.swift; sourceTree = "<group>"; };
		E6996A7D2F5E0CE0004A412C /* SearchResult.swift */ = {isa = PBXFileReference; lastKnownFileType = sourcecode.swift; path = SearchResult.swift; sourceTree = "<group>"; };
		E6996A802F5E0D59004A412C /* SearchResultResponse.swift */ = {isa = PBXFileReference; lastKnownFileType = sourcecode.swift; path = SearchResultResponse.swift; sourceTree = "<group>"; };
		E6996A832F5E0D8D004A412C /* SearchRequestDto.swift */ = {isa = PBXFileReference; lastKnownFileType = sourcecode.swift; path = SearchRequestDto.swift; sourceTree = "<group>"; };
		E6996A862F5E0E43004A412C /* SearchApi.swift */ = {isa = PBXFileReference; lastKnownFileType = sourcecode.swift; path = SearchApi.swift; sourceTree = "<group>"; };
		E6996A882F5E0E81004A412C /* SearchApiImpl.swift */ = {isa = PBXFileReference; lastKnownFileType = sourcecode.swift; path = SearchApiImpl.swift; sourceTree = "<group>"; };
		E6996A8B2F5E0ECA004A412C /* SearchRepository.swift */ = {isa = PBXFileReference; lastKnownFileType = sourcecode.swift; path = SearchRepository.swift; sourceTree = "<group>"; };
		E6996A8E2F5E113B004A412C /* SearchService.swift */ = {isa = PBXFileReference; lastKnownFileType = sourcecode.swift; path = SearchService.swift; sourceTree = "<group>"; };
		E6996A932F5F85D5004A412C /* HomeViewModel.swift */ = {isa = PBXFileReference; lastKnownFileType = sourcecode.swift; path = HomeViewModel.swift; sourceTree = "<group>"; };
		E6996A952F5F8603004A412C /* SearchViewModel.swift */ = {isa = PBXFileReference; lastKnownFileType = sourcecode.swift; path = SearchViewModel.swift; sourceTree = "<group>"; };
		E6996A9A2F653A83004A412C /* HomeScreen.swift */ = {isa = PBXFileReference; lastKnownFileType = sourcecode.swift; path = HomeScreen.swift; sourceTree = "<group>"; };
		E6996A9D2F653B44004A412C /* SearchScreen.swift */ = {isa = PBXFileReference; lastKnownFileType = sourcecode.swift; path = SearchScreen.swift; sourceTree = "<group>"; };
		E6996AA12F653BE1004A412C /* WebResultCardParams.swift */ = {isa = PBXFileReference; lastKnownFileType = sourcecode.swift; path = WebResultCardParams.swift; sourceTree = "<group>"; };
		E6996AA32F653C41004A412C /* WebResultCard.swift */ = {isa = PBXFileReference; lastKnownFileType = sourcecode.swift; path = WebResultCard.swift; sourceTree = "<group>"; };
		E6996AA82F654628004A412C /* SemiOpaqueWindow.swift */ = {isa = PBXFileReference; lastKnownFileType = sourcecode.swift; path = SemiOpaqueWindow.swift; sourceTree = "<group>"; };
		E6996AAB2F654828004A412C /* JSONValue.swift */ = {isa = PBXFileReference; lastKnownFileType = sourcecode.swift; path = JSONValue.swift; sourceTree = "<group>"; };
/* End PBXFileReference section */

/* Begin PBXFileSystemSynchronizedRootGroup section */
		E6996A6C2F5E0829004A412C /* kcdsearch */ = {
			isa = PBXFileSystemSynchronizedRootGroup;
			path = kcdsearch;
			sourceTree = "<group>";
		};
/* End PBXFileSystemSynchronizedRootGroup section */

/* Begin PBXFrameworksBuildPhase section */
		E6996A672F5E0829004A412C /* Frameworks */ = {
			isa = PBXFrameworksBuildPhase;
			buildActionMask = 2147483647;
			files = (
			);
			runOnlyForDeploymentPostprocessing = 0;
		};
/* End PBXFrameworksBuildPhase section */

/* Begin PBXGroup section */
		E6996A612F5E0829004A412C = {
			isa = PBXGroup;
			children = (
				E6996AA52F654473004A412C /* utils */,
				E6996A902F5F85B5004A412C /* ui */,
				E6996A8D2F5E1126004A412C /* services */,
				E6996A7A2F5E0C85004A412C /* data */,
				E6996A782F5E0BFF004A412C /* constants */,
				E6996A6C2F5E0829004A412C /* kcdsearch */,
				E6996A6B2F5E0829004A412C /* Products */,
			);
			sourceTree = "<group>";
		};
		E6996A6B2F5E0829004A412C /* Products */ = {
			isa = PBXGroup;
			children = (
				E6996A6A2F5E0829004A412C /* kcdsearch.app */,
			);
			name = Products;
			sourceTree = "<group>";
		};
		E6996A782F5E0BFF004A412C /* constants */ = {
			isa = PBXGroup;
			children = (
				E6996A792F5E0C10004A412C /* SearchApiConstants.swift */,
			);
			path = constants;
			sourceTree = "<group>";
		};
		E6996A7A2F5E0C85004A412C /* data */ = {
			isa = PBXGroup;
			children = (
				E6996A8A2F5E0EAA004A412C /* repositories */,
				E6996A822F5E0D73004A412C /* dtos */,
				E6996A7B2F5E0C8C004A412C /* api */,
			);
			path = data;
			sourceTree = "<group>";
		};
		E6996A7B2F5E0C8C004A412C /* api */ = {
			isa = PBXGroup;
			children = (
				E6996A852F5E0E11004A412C /* search */,
			);
			path = api;
			sourceTree = "<group>";
		};
		E6996A7C2F5E0C96004A412C /* dataSources */ = {
			isa = PBXGroup;
			children = (
				E6996A7D2F5E0CE0004A412C /* SearchResult.swift */,
				E6996A802F5E0D59004A412C /* SearchResultResponse.swift */,
			);
			path = dataSources;
			sourceTree = "<group>";
		};
		E6996A822F5E0D73004A412C /* dtos */ = {
			isa = PBXGroup;
			children = (
				E6996A832F5E0D8D004A412C /* SearchRequestDto.swift */,
			);
			path = dtos;
			sourceTree = "<group>";
		};
		E6996A852F5E0E11004A412C /* search */ = {
			isa = PBXGroup;
			children = (
				E6996A7C2F5E0C96004A412C /* dataSources */,
				E6996A862F5E0E43004A412C /* SearchApi.swift */,
				E6996A882F5E0E81004A412C /* SearchApiImpl.swift */,
			);
			path = search;
			sourceTree = "<group>";
		};
		E6996A8A2F5E0EAA004A412C /* repositories */ = {
			isa = PBXGroup;
			children = (
				E6996A8B2F5E0ECA004A412C /* SearchRepository.swift */,
			);
			path = repositories;
			sourceTree = "<group>";
		};
		E6996A8D2F5E1126004A412C /* services */ = {
			isa = PBXGroup;
			children = (
				E6996A8E2F5E113B004A412C /* SearchService.swift */,
			);
			path = services;
			sourceTree = "<group>";
		};
		E6996A902F5F85B5004A412C /* ui */ = {
			isa = PBXGroup;
			children = (
				E6996A922F5F85C2004A412C /* search */,
				E6996A912F5F85BD004A412C /* home */,
			);
			path = ui;
			sourceTree = "<group>";
		};
		E6996A912F5F85BD004A412C /* home */ = {
			isa = PBXGroup;
			children = (
				E6996A992F653A72004A412C /* screens */,
				E6996A932F5F85D5004A412C /* HomeViewModel.swift */,
			);
			path = home;
			sourceTree = "<group>";
		};
		E6996A922F5F85C2004A412C /* search */ = {
			isa = PBXGroup;
			children = (
				E6996A9F2F653BA0004A412C /* components */,
				E6996A9C2F653B30004A412C /* screens */,
				E6996A952F5F8603004A412C /* SearchViewModel.swift */,
			);
			path = search;
			sourceTree = "<group>";
		};
		E6996A992F653A72004A412C /* screens */ = {
			isa = PBXGroup;
			children = (
				E6996A9A2F653A83004A412C /* HomeScreen.swift */,
			);
			path = screens;
			sourceTree = "<group>";
		};
		E6996A9C2F653B30004A412C /* screens */ = {
			isa = PBXGroup;
			children = (
				E6996A9D2F653B44004A412C /* SearchScreen.swift */,
			);
			path = screens;
			sourceTree = "<group>";
		};
		E6996A9F2F653BA0004A412C /* components */ = {
			isa = PBXGroup;
			children = (
				E6996AA02F653BBA004A412C /* webResultCard */,
			);
			path = components;
			sourceTree = "<group>";
		};
		E6996AA02F653BBA004A412C /* webResultCard */ = {
			isa = PBXGroup;
			children = (
				E6996AA12F653BE1004A412C /* WebResultCardParams.swift */,
				E6996AA32F653C41004A412C /* WebResultCard.swift */,
			);
			path = webResultCard;
			sourceTree = "<group>";
		};
		E6996AA52F654473004A412C /* utils */ = {
			isa = PBXGroup;
			children = (
				E6996AAA2F65480E004A412C /* parsers */,
				E6996AA72F65448A004A412C /* extensions */,
			);
			path = utils;
			sourceTree = "<group>";
		};
		E6996AA72F65448A004A412C /* extensions */ = {
			isa = PBXGroup;
			children = (
				E6996AA82F654628004A412C /* SemiOpaqueWindow.swift */,
			);
			path = extensions;
			sourceTree = "<group>";
		};
		E6996AAA2F65480E004A412C /* parsers */ = {
			isa = PBXGroup;
			children = (
				E6996AAB2F654828004A412C /* JSONValue.swift */,
			);
			path = parsers;
			sourceTree = "<group>";
		};
/* End PBXGroup section */

/* Begin PBXNativeTarget section */
		E6996A692F5E0829004A412C /* kcdsearch */ = {
			isa = PBXNativeTarget;
			buildConfigurationList = E6996A752F5E082B004A412C /* Build configuration list for PBXNativeTarget "kcdsearch" */;
			buildPhases = (
				E6996A662F5E0829004A412C /* Sources */,
				E6996A672F5E0829004A412C /* Frameworks */,
				E6996A682F5E0829004A412C /* Resources */,
			);
			buildRules = (
			);
			dependencies = (
			);
			fileSystemSynchronizedGroups = (
				E6996A6C2F5E0829004A412C /* kcdsearch */,
			);
			name = kcdsearch;
			packageProductDependencies = (
			);
			productName = kcdsearch;
			productReference = E6996A6A2F5E0829004A412C /* kcdsearch.app */;
			productType = "com.apple.product-type.application";
		};
/* End PBXNativeTarget section */

/* Begin PBXProject section */
		E6996A622F5E0829004A412C /* Project object */ = {
			isa = PBXProject;
			attributes = {
				BuildIndependentTargetsInParallel = 1;
				LastSwiftUpdateCheck = 2630;
				LastUpgradeCheck = 2630;
				TargetAttributes = {
					E6996A692F5E0829004A412C = {
						CreatedOnToolsVersion = 26.3;
					};
				};
			};
			buildConfigurationList = E6996A652F5E0829004A412C /* Build configuration list for PBXProject "kcdsearch" */;
			developmentRegion = en;
			hasScannedForEncodings = 0;
			knownRegions = (
				en,
				Base,
			);
			mainGroup = E6996A612F5E0829004A412C;
			minimizedProjectReferenceProxies = 1;
			preferredProjectObjectVersion = 77;
			productRefGroup = E6996A6B2F5E0829004A412C /* Products */;
			projectDirPath = "";
			projectRoot = "";
			targets = (
				E6996A692F5E0829004A412C /* kcdsearch */,
			);
		};
/* End PBXProject section */

/* Begin PBXResourcesBuildPhase section */
		E6996A682F5E0829004A412C /* Resources */ = {
			isa = PBXResourcesBuildPhase;
			buildActionMask = 2147483647;
			files = (
			);
			runOnlyForDeploymentPostprocessing = 0;
		};
/* End PBXResourcesBuildPhase section */

/* Begin PBXSourcesBuildPhase section */
		E6996A662F5E0829004A412C /* Sources */ = {
			isa = PBXSourcesBuildPhase;
			buildActionMask = 2147483647;
			files = (
				E6996A892F5E0E81004A412C /* SearchApiImpl.swift in Sources */,
				E6996A942F5F85D5004A412C /* HomeViewModel.swift in Sources */,
				E6996A842F5E0D8D004A412C /* SearchRequestDto.swift in Sources */,
				E6996A9E2F653B44004A412C /* SearchScreen.swift in Sources */,
				E6996A872F5E0E43004A412C /* SearchApi.swift in Sources */,
				E6996AA42F653C41004A412C /* WebResultCard.swift in Sources */,
				E6996A7F2F5E0CE8004A412C /* SearchApiConstants.swift in Sources */,
				E6996A9B2F653A83004A412C /* HomeScreen.swift in Sources */,
				E6996A962F5F8603004A412C /* SearchViewModel.swift in Sources */,
				E6996A7E2F5E0CE0004A412C /* SearchResult.swift in Sources */,
				E6996A8C2F5E0ECA004A412C /* SearchRepository.swift in Sources */,
				E6996AA92F654652004A412C /* SemiOpaqueWindow.swift in Sources */,
				E6996A812F5E0D59004A412C /* SearchResultResponse.swift in Sources */,
				E6996AA22F653BE1004A412C /* WebResultCardParams.swift in Sources */,
				E6996AAC2F654828004A412C /* JSONValue.swift in Sources */,
				E6996A8F2F5E113B004A412C /* SearchService.swift in Sources */,
			);
			runOnlyForDeploymentPostprocessing = 0;
		};
/* End PBXSourcesBuildPhase section */

/* Begin XCBuildConfiguration section */
		E6996A732F5E082B004A412C /* Debug */ = {
			isa = XCBuildConfiguration;
			buildSettings = {
				ALWAYS_SEARCH_USER_PATHS = NO;
				ASSETCATALOG_COMPILER_GENERATE_SWIFT_ASSET_SYMBOL_EXTENSIONS = YES;
				CLANG_ANALYZER_NONNULL = YES;
				CLANG_ANALYZER_NUMBER_OBJECT_CONVERSION = YES_AGGRESSIVE;
				CLANG_CXX_LANGUAGE_STANDARD = "gnu++20";
				CLANG_ENABLE_MODULES = YES;
				CLANG_ENABLE_OBJC_ARC = YES;
				CLANG_ENABLE_OBJC_WEAK = YES;
				CLANG_WARN_BLOCK_CAPTURE_AUTORELEASING = YES;
				CLANG_WARN_BOOL_CONVERSION = YES;
				CLANG_WARN_COMMA = YES;
				CLANG_WARN_CONSTANT_CONVERSION = YES;
				CLANG_WARN_DEPRECATED_OBJC_IMPLEMENTATIONS = YES;
				CLANG_WARN_DIRECT_OBJC_ISA_USAGE = YES_ERROR;
				CLANG_WARN_DOCUMENTATION_COMMENTS = YES;
				CLANG_WARN_EMPTY_BODY = YES;
				CLANG_WARN_ENUM_CONVERSION = YES;
				CLANG_WARN_INFINITE_RECURSION = YES;
				CLANG_WARN_INT_CONVERSION = YES;
				CLANG_WARN_NON_LITERAL_NULL_CONVERSION = YES;
				CLANG_WARN_OBJC_IMPLICIT_RETAIN_SELF = YES;
				CLANG_WARN_OBJC_LITERAL_CONVERSION = YES;
				CLANG_WARN_OBJC_ROOT_CLASS = YES_ERROR;
				CLANG_WARN_QUOTED_INCLUDE_IN_FRAMEWORK_HEADER = YES;
				CLANG_WARN_RANGE_LOOP_ANALYSIS = YES;
				CLANG_WARN_STRICT_PROTOTYPES = YES;
				CLANG_WARN_SUSPICIOUS_MOVE = YES;
				CLANG_WARN_UNGUARDED_AVAILABILITY = YES_AGGRESSIVE;
				CLANG_WARN_UNREACHABLE_CODE = YES;
				CLANG_WARN__DUPLICATE_METHOD_MATCH = YES;
				COPY_PHASE_STRIP = NO;
				DEBUG_INFORMATION_FORMAT = dwarf;
				ENABLE_STRICT_OBJC_MSGSEND = YES;
				ENABLE_TESTABILITY = YES;
				ENABLE_USER_SCRIPT_SANDBOXING = YES;
				GCC_C_LANGUAGE_STANDARD = gnu17;
				GCC_DYNAMIC_NO_PIC = NO;
				GCC_NO_COMMON_BLOCKS = YES;
				GCC_OPTIMIZATION_LEVEL = 0;
				GCC_PREPROCESSOR_DEFINITIONS = (
					"DEBUG=1",
					"$(inherited)",
				);
				GCC_WARN_64_TO_32_BIT_CONVERSION = YES;
				GCC_WARN_ABOUT_RETURN_TYPE = YES_ERROR;
				GCC_WARN_UNDECLARED_SELECTOR = YES;
				GCC_WARN_UNINITIALIZED_AUTOS = YES_AGGRESSIVE;
				GCC_WARN_UNUSED_FUNCTION = YES;
				GCC_WARN_UNUSED_VARIABLE = YES;
				LOCALIZATION_PREFERS_STRING_CATALOGS = YES;
				MTL_ENABLE_DEBUG_INFO = INCLUDE_SOURCE;
				MTL_FAST_MATH = YES;
				ONLY_ACTIVE_ARCH = YES;
				SWIFT_ACTIVE_COMPILATION_CONDITIONS = "DEBUG $(inherited)";
				SWIFT_OPTIMIZATION_LEVEL = "-Onone";
			};
			name = Debug;
		};
		E6996A742F5E082B004A412C /* Release */ = {
			isa = XCBuildConfiguration;
			buildSettings = {
				ALWAYS_SEARCH_USER_PATHS = NO;
				ASSETCATALOG_COMPILER_GENERATE_SWIFT_ASSET_SYMBOL_EXTENSIONS = YES;
				CLANG_ANALYZER_NONNULL = YES;
				CLANG_ANALYZER_NUMBER_OBJECT_CONVERSION = YES_AGGRESSIVE;
				CLANG_CXX_LANGUAGE_STANDARD = "gnu++20";
				CLANG_ENABLE_MODULES = YES;
				CLANG_ENABLE_OBJC_ARC = YES;
				CLANG_ENABLE_OBJC_WEAK = YES;
				CLANG_WARN_BLOCK_CAPTURE_AUTORELEASING = YES;
				CLANG_WARN_BOOL_CONVERSION = YES;
				CLANG_WARN_COMMA = YES;
				CLANG_WARN_CONSTANT_CONVERSION = YES;
				CLANG_WARN_DEPRECATED_OBJC_IMPLEMENTATIONS = YES;
				CLANG_WARN_DIRECT_OBJC_ISA_USAGE = YES_ERROR;
				CLANG_WARN_DOCUMENTATION_COMMENTS = YES;
				CLANG_WARN_EMPTY_BODY = YES;
				CLANG_WARN_ENUM_CONVERSION = YES;
				CLANG_WARN_INFINITE_RECURSION = YES;
				CLANG_WARN_INT_CONVERSION = YES;
				CLANG_WARN_NON_LITERAL_NULL_CONVERSION = YES;
				CLANG_WARN_OBJC_IMPLICIT_RETAIN_SELF = YES;
				CLANG_WARN_OBJC_LITERAL_CONVERSION = YES;
				CLANG_WARN_OBJC_ROOT_CLASS = YES_ERROR;
				CLANG_WARN_QUOTED_INCLUDE_IN_FRAMEWORK_HEADER = YES;
				CLANG_WARN_RANGE_LOOP_ANALYSIS = YES;
				CLANG_WARN_STRICT_PROTOTYPES = YES;
				CLANG_WARN_SUSPICIOUS_MOVE = YES;
				CLANG_WARN_UNGUARDED_AVAILABILITY = YES_AGGRESSIVE;
				CLANG_WARN_UNREACHABLE_CODE = YES;
				CLANG_WARN__DUPLICATE_METHOD_MATCH = YES;
				COPY_PHASE_STRIP = NO;
				DEBUG_INFORMATION_FORMAT = "dwarf-with-dsym";
				ENABLE_NS_ASSERTIONS = NO;
				ENABLE_STRICT_OBJC_MSGSEND = YES;
				ENABLE_USER_SCRIPT_SANDBOXING = YES;
				GCC_C_LANGUAGE_STANDARD = gnu17;
				GCC_NO_COMMON_BLOCKS = YES;
				GCC_WARN_64_TO_32_BIT_CONVERSION = YES;
				GCC_WARN_ABOUT_RETURN_TYPE = YES_ERROR;
				GCC_WARN_UNDECLARED_SELECTOR = YES;
				GCC_WARN_UNINITIALIZED_AUTOS = YES_AGGRESSIVE;
				GCC_WARN_UNUSED_FUNCTION = YES;
				GCC_WARN_UNUSED_VARIABLE = YES;
				LOCALIZATION_PREFERS_STRING_CATALOGS = YES;
				MTL_ENABLE_DEBUG_INFO = NO;
				MTL_FAST_MATH = YES;
				SWIFT_COMPILATION_MODE = wholemodule;
			};
			name = Release;
		};
		E6996A762F5E082B004A412C /* Debug */ = {
			isa = XCBuildConfiguration;
			buildSettings = {
				ASSETCATALOG_COMPILER_APPICON_NAME = AppIcon;
				ASSETCATALOG_COMPILER_GLOBAL_ACCENT_COLOR_NAME = AccentColor;
				CODE_SIGN_STYLE = Automatic;
				CURRENT_PROJECT_VERSION = 1;
				ENABLE_APP_SANDBOX = YES;
				ENABLE_INCOMING_NETWORK_CONNECTIONS = NO;
				ENABLE_OUTGOING_NETWORK_CONNECTIONS = YES;
				ENABLE_PREVIEWS = YES;
				ENABLE_RESOURCE_ACCESS_AUDIO_INPUT = NO;
				ENABLE_RESOURCE_ACCESS_BLUETOOTH = NO;
				ENABLE_RESOURCE_ACCESS_CALENDARS = NO;
				ENABLE_RESOURCE_ACCESS_CAMERA = NO;
				ENABLE_RESOURCE_ACCESS_CONTACTS = NO;
				ENABLE_RESOURCE_ACCESS_LOCATION = NO;
				ENABLE_RESOURCE_ACCESS_PRINTING = NO;
				ENABLE_RESOURCE_ACCESS_USB = NO;
				ENABLE_USER_SELECTED_FILES = readonly;
				GENERATE_INFOPLIST_FILE = YES;
				INFOPLIST_KEY_CFBundleDisplayName = "KCD Search";
				INFOPLIST_KEY_LSApplicationCategoryType = "public.app-category.utilities";
				"INFOPLIST_KEY_UIApplicationSceneManifest_Generation[sdk=iphoneos*]" = YES;
				"INFOPLIST_KEY_UIApplicationSceneManifest_Generation[sdk=iphonesimulator*]" = YES;
				"INFOPLIST_KEY_UIApplicationSupportsIndirectInputEvents[sdk=iphoneos*]" = YES;
				"INFOPLIST_KEY_UIApplicationSupportsIndirectInputEvents[sdk=iphonesimulator*]" = YES;
				"INFOPLIST_KEY_UILaunchScreen_Generation[sdk=iphoneos*]" = YES;
				"INFOPLIST_KEY_UILaunchScreen_Generation[sdk=iphonesimulator*]" = YES;
				"INFOPLIST_KEY_UIStatusBarStyle[sdk=iphoneos*]" = UIStatusBarStyleDefault;
				"INFOPLIST_KEY_UIStatusBarStyle[sdk=iphonesimulator*]" = UIStatusBarStyleDefault;
				INFOPLIST_KEY_UISupportedInterfaceOrientations_iPad = "UIInterfaceOrientationPortrait UIInterfaceOrientationPortraitUpsideDown UIInterfaceOrientationLandscapeLeft UIInterfaceOrientationLandscapeRight";
				INFOPLIST_KEY_UISupportedInterfaceOrientations_iPhone = "UIInterfaceOrientationPortrait UIInterfaceOrientationLandscapeLeft UIInterfaceOrientationLandscapeRight";
				IPHONEOS_DEPLOYMENT_TARGET = 26.2;
				LD_RUNPATH_SEARCH_PATHS = "@executable_path/Frameworks";
				"LD_RUNPATH_SEARCH_PATHS[sdk=macosx*]" = "@executable_path/../Frameworks";
				MACOSX_DEPLOYMENT_TARGET = 26.2;
				MARKETING_VERSION = 1.0;
				PRODUCT_BUNDLE_IDENTIFIER = com.paraskcd.kcdsearch;
				PRODUCT_NAME = "$(TARGET_NAME)";
				REGISTER_APP_GROUPS = YES;
				SDKROOT = auto;
				STRING_CATALOG_GENERATE_SYMBOLS = YES;
				SUPPORTED_PLATFORMS = "iphoneos iphonesimulator macosx xros xrsimulator";
				SWIFT_APPROACHABLE_CONCURRENCY = YES;
				SWIFT_DEFAULT_ACTOR_ISOLATION = MainActor;
				SWIFT_EMIT_LOC_STRINGS = YES;
				SWIFT_UPCOMING_FEATURE_MEMBER_IMPORT_VISIBILITY = YES;
				SWIFT_VERSION = 5.0;
				TARGETED_DEVICE_FAMILY = "1,2,7";
				XROS_DEPLOYMENT_TARGET = 26.2;
			};
			name = Debug;
		};
		E6996A772F5E082B004A412C /* Release */ = {
			isa = XCBuildConfiguration;
			buildSettings = {
				ASSETCATALOG_COMPILER_APPICON_NAME = AppIcon;
				ASSETCATALOG_COMPILER_GLOBAL_ACCENT_COLOR_NAME = AccentColor;
				CODE_SIGN_STYLE = Automatic;
				CURRENT_PROJECT_VERSION = 1;
				ENABLE_APP_SANDBOX = YES;
				ENABLE_INCOMING_NETWORK_CONNECTIONS = NO;
				ENABLE_OUTGOING_NETWORK_CONNECTIONS = YES;
				ENABLE_PREVIEWS = YES;
				ENABLE_RESOURCE_ACCESS_AUDIO_INPUT = NO;
				ENABLE_RESOURCE_ACCESS_BLUETOOTH = NO;
				ENABLE_RESOURCE_ACCESS_CALENDARS = NO;
				ENABLE_RESOURCE_ACCESS_CAMERA = NO;
				ENABLE_RESOURCE_ACCESS_CONTACTS = NO;
				ENABLE_RESOURCE_ACCESS_LOCATION = NO;
				ENABLE_RESOURCE_ACCESS_PRINTING = NO;
				ENABLE_RESOURCE_ACCESS_USB = NO;
				ENABLE_USER_SELECTED_FILES = readonly;
				GENERATE_INFOPLIST_FILE = YES;
				INFOPLIST_KEY_CFBundleDisplayName = "KCD Search";
				INFOPLIST_KEY_LSApplicationCategoryType = "public.app-category.utilities";
				"INFOPLIST_KEY_UIApplicationSceneManifest_Generation[sdk=iphoneos*]" = YES;
				"INFOPLIST_KEY_UIApplicationSceneManifest_Generation[sdk=iphonesimulator*]" = YES;
				"INFOPLIST_KEY_UIApplicationSupportsIndirectInputEvents[sdk=iphoneos*]" = YES;
				"INFOPLIST_KEY_UIApplicationSupportsIndirectInputEvents[sdk=iphonesimulator*]" = YES;
				"INFOPLIST_KEY_UILaunchScreen_Generation[sdk=iphoneos*]" = YES;
				"INFOPLIST_KEY_UILaunchScreen_Generation[sdk=iphonesimulator*]" = YES;
				"INFOPLIST_KEY_UIStatusBarStyle[sdk=iphoneos*]" = UIStatusBarStyleDefault;
				"INFOPLIST_KEY_UIStatusBarStyle[sdk=iphonesimulator*]" = UIStatusBarStyleDefault;
				INFOPLIST_KEY_UISupportedInterfaceOrientations_iPad = "UIInterfaceOrientationPortrait UIInterfaceOrientationPortraitUpsideDown UIInterfaceOrientationLandscapeLeft UIInterfaceOrientationLandscapeRight";
				INFOPLIST_KEY_UISupportedInterfaceOrientations_iPhone = "UIInterfaceOrientationPortrait UIInterfaceOrientationLandscapeLeft UIInterfaceOrientationLandscapeRight";
				IPHONEOS_DEPLOYMENT_TARGET = 26.2;
				LD_RUNPATH_SEARCH_PATHS = "@executable_path/Frameworks";
				"LD_RUNPATH_SEARCH_PATHS[sdk=macosx*]" = "@executable_path/../Frameworks";
				MACOSX_DEPLOYMENT_TARGET = 26.2;
				MARKETING_VERSION = 1.0;
				PRODUCT_BUNDLE_IDENTIFIER = com.paraskcd.kcdsearch;
				PRODUCT_NAME = "$(TARGET_NAME)";
				REGISTER_APP_GROUPS = YES;
				SDKROOT = auto;
				STRING_CATALOG_GENERATE_SYMBOLS = YES;
				SUPPORTED_PLATFORMS = "iphoneos iphonesimulator macosx xros xrsimulator";
				SWIFT_APPROACHABLE_CONCURRENCY = YES;
				SWIFT_DEFAULT_ACTOR_ISOLATION = MainActor;
				SWIFT_EMIT_LOC_STRINGS = YES;
				SWIFT_UPCOMING_FEATURE_MEMBER_IMPORT_VISIBILITY = YES;
				SWIFT_VERSION = 5.0;
				TARGETED_DEVICE_FAMILY = "1,2,7";
				XROS_DEPLOYMENT_TARGET = 26.2;
			};
			name = Release;
		};
/* End XCBuildConfiguration section */

/* Begin XCConfigurationList section */
		E6996A652F5E0829004A412C /* Build configuration list for PBXProject "kcdsearch" */ = {
			isa = XCConfigurationList;
			buildConfigurations = (
				E6996A732F5E082B004A412C /* Debug */,
				E6996A742F5E082B004A412C /* Release */,
			);
			defaultConfigurationIsVisible = 0;
			defaultConfigurationName = Release;
		};
		E6996A752F5E082B004A412C /* Build configuration list for PBXNativeTarget "kcdsearch" */ = {
			isa = XCConfigurationList;
			buildConfigurations = (
				E6996A762F5E082B004A412C /* Debug */,
				E6996A772F5E082B004A412C /* Release */,
			);
			defaultConfigurationIsVisible = 0;
			defaultConfigurationName = Release;
		};
/* End XCConfigurationList section */
	};
	rootObject = E6996A622F5E0829004A412C /* Project object */;
}
